// !$*UTF8*$!
{
	archiveVersion = 1;
	classes = {
	};
	objectVersion = 51;
	objects = {

/* Begin PBXBuildFile section */
		624868611EC58CA500C4536C /* SFXLineConstraint.swift in Sources */ = {isa = PBXBuildFile; fileRef = 624868601EC58CA500C4536C /* SFXLineConstraint.swift */; };
		62AC507E1ECD885700E67C95 /* RotaionViewController.swift in Sources */ = {isa = PBXBuildFile; fileRef = 62AC507D1ECD885700E67C95 /* RotaionViewController.swift */; };
		62AC50891ECD888400E67C95 /* backButton.xcassets in Resources */ = {isa = PBXBuildFile; fileRef = 62AC50801ECD888400E67C95 /* backButton.xcassets */; };
		62AC508A1ECD888400E67C95 /* BackButtonViewController.swift in Sources */ = {isa = PBXBuildFile; fileRef = 62AC50811ECD888400E67C95 /* BackButtonViewController.swift */; };
		62AC508B1ECD888400E67C95 /* Media.xcassets in Resources */ = {isa = PBXBuildFile; fileRef = 62AC50831ECD888400E67C95 /* Media.xcassets */; };
		62AC508C1ECD888400E67C95 /* UpDownButton.swift in Sources */ = {isa = PBXBuildFile; fileRef = 62AC50841ECD888400E67C95 /* UpDownButton.swift */; };
		62AC508D1ECD888400E67C95 /* UpImageDownTextButton.swift in Sources */ = {isa = PBXBuildFile; fileRef = 62AC50851ECD888400E67C95 /* UpImageDownTextButton.swift */; };
		62AC508E1ECD888400E67C95 /* UIButton+BackBtn.swift in Sources */ = {isa = PBXBuildFile; fileRef = 62AC50871ECD888400E67C95 /* UIButton+BackBtn.swift */; };
		62AC508F1ECD888400E67C95 /* UIButton+NavigatorBtn.swift in Sources */ = {isa = PBXBuildFile; fileRef = 62AC50881ECD888400E67C95 /* UIButton+NavigatorBtn.swift */; };
		62C86D491F0000ED0095188C /* SFSelectedAlphaButton.swift in Sources */ = {isa = PBXBuildFile; fileRef = 62C86D481F0000ED0095188C /* SFSelectedAlphaButton.swift */; };
		70286AF3252188F10004BFE7 /* UIView.swift in Sources */ = {isa = PBXBuildFile; fileRef = 70286AF2252188F10004BFE7 /* UIView.swift */; };
		70D8D482252180D5004E17A8 /* MySegmentedControl.swift in Sources */ = {isa = PBXBuildFile; fileRef = 70D8D481252180D5004E17A8 /* MySegmentedControl.swift */; };
		70D8D486252181A1004E17A8 /* SegmentViewController.swift in Sources */ = {isa = PBXBuildFile; fileRef = 70D8D485252181A1004E17A8 /* SegmentViewController.swift */; };
		70D8D48B25218375004E17A8 /* UIScreen.swift in Sources */ = {isa = PBXBuildFile; fileRef = 70D8D48A25218375004E17A8 /* UIScreen.swift */; };
		E51F20301EA617DC00B94019 /* XHCryptorTools.m in Sources */ = {isa = PBXBuildFile; fileRef = E51F202F1EA617DC00B94019 /* XHCryptorTools.m */; };
		E540CF161F1CEF6D007F0683 /* SFFirstTextLastImageButton.swift in Sources */ = {isa = PBXBuildFile; fileRef = E540CF151F1CEF6D007F0683 /* SFFirstTextLastImageButton.swift */; };
		E56B3CBF22B4E4C3007DEE4C /* Date+Extension.swift in Sources */ = {isa = PBXBuildFile; fileRef = E56B3CBE22B4E4C3007DEE4C /* Date+Extension.swift */; };
		E578FB3D1E51A88900306FB3 /* SLAnimationImageView.m in Sources */ = {isa = PBXBuildFile; fileRef = E578FB3A1E51A88900306FB3 /* SLAnimationImageView.m */; };
		E578FB3E1E51A88900306FB3 /* SLLoadingView.m in Sources */ = {isa = PBXBuildFile; fileRef = E578FB3C1E51A88900306FB3 /* SLLoadingView.m */; };
		E58746391E83C75700FAFAE8 /* NSString+Hash.m in Sources */ = {isa = PBXBuildFile; fileRef = E58746381E83C75700FAFAE8 /* NSString+Hash.m */; };
		E59453481E519496005AC10C /* Animation.xcassets in Resources */ = {isa = PBXBuildFile; fileRef = E59453471E519496005AC10C /* Animation.xcassets */; };
		E597BF8922B3E7D10031A6D9 /* UIColor+Extension.swift in Sources */ = {isa = PBXBuildFile; fileRef = E597BF8822B3E7D10031A6D9 /* UIColor+Extension.swift */; };
		E597BF8B22B3F2C40031A6D9 /* UIImage+Extension.swift in Sources */ = {isa = PBXBuildFile; fileRef = E597BF8A22B3F2C40031A6D9 /* UIImage+Extension.swift */; };
		E5B79E0D22B387A000E3AC96 /* UIDevice+Extension.swift in Sources */ = {isa = PBXBuildFile; fileRef = E5B79E0A22B387A000E3AC96 /* UIDevice+Extension.swift */; };
		E5B79E0E22B387A000E3AC96 /* KeyChainManager.swift in Sources */ = {isa = PBXBuildFile; fileRef = E5B79E0B22B387A000E3AC96 /* KeyChainManager.swift */; };
		E5B79E0F22B387A000E3AC96 /* HttpHeader.swift in Sources */ = {isa = PBXBuildFile; fileRef = E5B79E0C22B387A000E3AC96 /* HttpHeader.swift */; };
		E5B909B422B4C0330094025F /* BorderLabel.swift in Sources */ = {isa = PBXBuildFile; fileRef = E5B909B322B4C0330094025F /* BorderLabel.swift */; };
		E5E791E01E2F9BEE00D294E1 /* AppDelegate.swift in Sources */ = {isa = PBXBuildFile; fileRef = E5E791DF1E2F9BEE00D294E1 /* AppDelegate.swift */; };
		E5E791E21E2F9BEE00D294E1 /* ViewController.swift in Sources */ = {isa = PBXBuildFile; fileRef = E5E791E11E2F9BEE00D294E1 /* ViewController.swift */; };
		E5E791E71E2F9BEE00D294E1 /* Assets.xcassets in Resources */ = {isa = PBXBuildFile; fileRef = E5E791E61E2F9BEE00D294E1 /* Assets.xcassets */; };
		E5E791EA1E2F9BEE00D294E1 /* LaunchScreen.storyboard in Resources */ = {isa = PBXBuildFile; fileRef = E5E791E81E2F9BEE00D294E1 /* LaunchScreen.storyboard */; };
		E5E791FA1E2FA02000D294E1 /* Main.storyboard in Resources */ = {isa = PBXBuildFile; fileRef = E5E791F81E2FA02000D294E1 /* Main.storyboard */; };
/* End PBXBuildFile section */

/* Begin PBXFileReference section */
		624868601EC58CA500C4536C /* SFXLineConstraint.swift */ = {isa = PBXFileReference; fileEncoding = 4; lastKnownFileType = sourcecode.swift; path = SFXLineConstraint.swift; sourceTree = "<group>"; };
		62AC507D1ECD885700E67C95 /* RotaionViewController.swift */ = {isa = PBXFileReference; fileEncoding = 4; lastKnownFileType = sourcecode.swift; name = RotaionViewController.swift; path = Classes/OC/RotaionViewController.swift; sourceTree = "<group>"; };
		62AC50801ECD888400E67C95 /* backButton.xcassets */ = {isa = PBXFileReference; lastKnownFileType = folder.assetcatalog; path = backButton.xcassets; sourceTree = "<group>"; };
		62AC50811ECD888400E67C95 /* BackButtonViewController.swift */ = {isa = PBXFileReference; fileEncoding = 4; lastKnownFileType = sourcecode.swift; path = BackButtonViewController.swift; sourceTree = "<group>"; };
		62AC50831ECD888400E67C95 /* Media.xcassets */ = {isa = PBXFileReference; lastKnownFileType = folder.assetcatalog; path = Media.xcassets; sourceTree = "<group>"; };
		62AC50841ECD888400E67C95 /* UpDownButton.swift */ = {isa = PBXFileReference; fileEncoding = 4; lastKnownFileType = sourcecode.swift; path = UpDownButton.swift; sourceTree = "<group>"; };
		62AC50851ECD888400E67C95 /* UpImageDownTextButton.swift */ = {isa = PBXFileReference; fileEncoding = 4; lastKnownFileType = sourcecode.swift; path = UpImageDownTextButton.swift; sourceTree = "<group>"; };
		62AC50871ECD888400E67C95 /* UIButton+BackBtn.swift */ = {isa = PBXFileReference; fileEncoding = 4; lastKnownFileType = sourcecode.swift; path = "UIButton+BackBtn.swift"; sourceTree = "<group>"; };
		62AC50881ECD888400E67C95 /* UIButton+NavigatorBtn.swift */ = {isa = PBXFileReference; fileEncoding = 4; lastKnownFileType = sourcecode.swift; path = "UIButton+NavigatorBtn.swift"; sourceTree = "<group>"; };
		62C86D481F0000ED0095188C /* SFSelectedAlphaButton.swift */ = {isa = PBXFileReference; fileEncoding = 4; lastKnownFileType = sourcecode.swift; path = SFSelectedAlphaButton.swift; sourceTree = "<group>"; };
		70286AF2252188F10004BFE7 /* UIView.swift */ = {isa = PBXFileReference; lastKnownFileType = sourcecode.swift; path = UIView.swift; sourceTree = "<group>"; };
		70D8D481252180D5004E17A8 /* MySegmentedControl.swift */ = {isa = PBXFileReference; lastKnownFileType = sourcecode.swift; path = MySegmentedControl.swift; sourceTree = "<group>"; };
		70D8D485252181A1004E17A8 /* SegmentViewController.swift */ = {isa = PBXFileReference; lastKnownFileType = sourcecode.swift; path = SegmentViewController.swift; sourceTree = "<group>"; };
		70D8D48A25218375004E17A8 /* UIScreen.swift */ = {isa = PBXFileReference; lastKnownFileType = sourcecode.swift; path = UIScreen.swift; sourceTree = "<group>"; };
		E51F202E1EA617DC00B94019 /* XHCryptorTools.h */ = {isa = PBXFileReference; fileEncoding = 4; lastKnownFileType = sourcecode.c.h; path = XHCryptorTools.h; sourceTree = "<group>"; };
		E51F202F1EA617DC00B94019 /* XHCryptorTools.m */ = {isa = PBXFileReference; fileEncoding = 4; lastKnownFileType = sourcecode.c.objc; path = XHCryptorTools.m; sourceTree = "<group>"; };
		E540CF151F1CEF6D007F0683 /* SFFirstTextLastImageButton.swift */ = {isa = PBXFileReference; fileEncoding = 4; lastKnownFileType = sourcecode.swift; path = SFFirstTextLastImageButton.swift; sourceTree = "<group>"; };
		E56B3CBE22B4E4C3007DEE4C /* Date+Extension.swift */ = {isa = PBXFileReference; lastKnownFileType = sourcecode.swift; path = "Date+Extension.swift"; sourceTree = "<group>"; };
		E578FB391E51A88900306FB3 /* SLAnimationImageView.h */ = {isa = PBXFileReference; fileEncoding = 4; lastKnownFileType = sourcecode.c.h; path = SLAnimationImageView.h; sourceTree = "<group>"; };
		E578FB3A1E51A88900306FB3 /* SLAnimationImageView.m */ = {isa = PBXFileReference; fileEncoding = 4; lastKnownFileType = sourcecode.c.objc; path = SLAnimationImageView.m; sourceTree = "<group>"; };
		E578FB3B1E51A88900306FB3 /* SLLoadingView.h */ = {isa = PBXFileReference; fileEncoding = 4; lastKnownFileType = sourcecode.c.h; path = SLLoadingView.h; sourceTree = "<group>"; };
		E578FB3C1E51A88900306FB3 /* SLLoadingView.m */ = {isa = PBXFileReference; fileEncoding = 4; lastKnownFileType = sourcecode.c.objc; path = SLLoadingView.m; sourceTree = "<group>"; };
		E58746371E83C75700FAFAE8 /* NSString+Hash.h */ = {isa = PBXFileReference; fileEncoding = 4; lastKnownFileType = sourcecode.c.h; path = "NSString+Hash.h"; sourceTree = "<group>"; };
		E58746381E83C75700FAFAE8 /* NSString+Hash.m */ = {isa = PBXFileReference; fileEncoding = 4; lastKnownFileType = sourcecode.c.objc; path = "NSString+Hash.m"; sourceTree = "<group>"; };
		E59453411E5192A2005AC10C /* ZJSCommon-Bridging-Header.h */ = {isa = PBXFileReference; lastKnownFileType = sourcecode.c.h; path = "ZJSCommon-Bridging-Header.h"; sourceTree = "<group>"; };
		E59453471E519496005AC10C /* Animation.xcassets */ = {isa = PBXFileReference; lastKnownFileType = folder.assetcatalog; name = Animation.xcassets; path = Classes/OC/Animation.xcassets; sourceTree = "<group>"; };
		E597BF8822B3E7D10031A6D9 /* UIColor+Extension.swift */ = {isa = PBXFileReference; lastKnownFileType = sourcecode.swift; path = "UIColor+Extension.swift"; sourceTree = "<group>"; };
		E597BF8A22B3F2C40031A6D9 /* UIImage+Extension.swift */ = {isa = PBXFileReference; lastKnownFileType = sourcecode.swift; path = "UIImage+Extension.swift"; sourceTree = "<group>"; };
		E5B79E0A22B387A000E3AC96 /* UIDevice+Extension.swift */ = {isa = PBXFileReference; fileEncoding = 4; lastKnownFileType = sourcecode.swift; name = "UIDevice+Extension.swift"; path = "ZJSCommon/Classes/httpHeader/UIDevice+Extension.swift"; sourceTree = SOURCE_ROOT; };
		E5B79E0B22B387A000E3AC96 /* KeyChainManager.swift */ = {isa = PBXFileReference; fileEncoding = 4; lastKnownFileType = sourcecode.swift; name = KeyChainManager.swift; path = ZJSCommon/Classes/httpHeader/KeyChainManager.swift; sourceTree = SOURCE_ROOT; };
		E5B79E0C22B387A000E3AC96 /* HttpHeader.swift */ = {isa = PBXFileReference; fileEncoding = 4; lastKnownFileType = sourcecode.swift; name = HttpHeader.swift; path = ZJSCommon/Classes/httpHeader/HttpHeader.swift; sourceTree = SOURCE_ROOT; };
		E5B909B322B4C0330094025F /* BorderLabel.swift */ = {isa = PBXFileReference; fileEncoding = 4; lastKnownFileType = sourcecode.swift; path = BorderLabel.swift; sourceTree = "<group>"; };
		E5E791DC1E2F9BEE00D294E1 /* ZJSCommon.app */ = {isa = PBXFileReference; explicitFileType = wrapper.application; includeInIndex = 0; path = ZJSCommon.app; sourceTree = BUILT_PRODUCTS_DIR; };
		E5E791DF1E2F9BEE00D294E1 /* AppDelegate.swift */ = {isa = PBXFileReference; lastKnownFileType = sourcecode.swift; path = AppDelegate.swift; sourceTree = "<group>"; };
		E5E791E11E2F9BEE00D294E1 /* ViewController.swift */ = {isa = PBXFileReference; lastKnownFileType = sourcecode.swift; path = ViewController.swift; sourceTree = "<group>"; };
		E5E791E61E2F9BEE00D294E1 /* Assets.xcassets */ = {isa = PBXFileReference; lastKnownFileType = folder.assetcatalog; path = Assets.xcassets; sourceTree = "<group>"; };
		E5E791E91E2F9BEE00D294E1 /* Base */ = {isa = PBXFileReference; lastKnownFileType = file.storyboard; name = Base; path = Base.lproj/LaunchScreen.storyboard; sourceTree = "<group>"; };
		E5E791EB1E2F9BEE00D294E1 /* Info.plist */ = {isa = PBXFileReference; lastKnownFileType = text.plist.xml; path = Info.plist; sourceTree = "<group>"; };
		E5E791F91E2FA02000D294E1 /* Base */ = {isa = PBXFileReference; lastKnownFileType = file.storyboard; name = Base; path = Base.lproj/Main.storyboard; sourceTree = "<group>"; };
/* End PBXFileReference section */

/* Begin PBXFrameworksBuildPhase section */
		E5E791D91E2F9BEE00D294E1 /* Frameworks */ = {
			isa = PBXFrameworksBuildPhase;
			buildActionMask = 2147483647;
			files = (
			);
			runOnlyForDeploymentPostprocessing = 0;
		};
/* End PBXFrameworksBuildPhase section */

/* Begin PBXGroup section */
		6248685F1EC58CA500C4536C /* Other */ = {
			isa = PBXGroup;
			children = (
				624868601EC58CA500C4536C /* SFXLineConstraint.swift */,
			);
			name = Other;
			path = Classes/Other;
			sourceTree = "<group>";
		};
		62AC507F1ECD888400E67C95 /* UIButton */ = {
			isa = PBXGroup;
			children = (
				62AC50811ECD888400E67C95 /* BackButtonViewController.swift */,
				62AC50801ECD888400E67C95 /* backButton.xcassets */,
				62AC50821ECD888400E67C95 /* CustomBtn */,
				62AC50861ECD888400E67C95 /* UIButton+Extension */,
			);
			name = UIButton;
			path = Classes/UICommon/UIButton;
			sourceTree = "<group>";
		};
		62AC50821ECD888400E67C95 /* CustomBtn */ = {
			isa = PBXGroup;
			children = (
				62AC50831ECD888400E67C95 /* Media.xcassets */,
				62AC50841ECD888400E67C95 /* UpDownButton.swift */,
			);
			path = CustomBtn;
			sourceTree = "<group>";
		};
		62AC50861ECD888400E67C95 /* UIButton+Extension */ = {
			isa = PBXGroup;
			children = (
				62AC50871ECD888400E67C95 /* UIButton+BackBtn.swift */,
				62AC50881ECD888400E67C95 /* UIButton+NavigatorBtn.swift */,
			);
			path = "UIButton+Extension";
			sourceTree = "<group>";
		};
		70D8D48425218169004E17A8 /* SegmentControl */ = {
			isa = PBXGroup;
			children = (
				70D8D488252181B3004E17A8 /* View */,
				70D8D485252181A1004E17A8 /* SegmentViewController.swift */,
			);
			path = SegmentControl;
			sourceTree = "<group>";
		};
		70D8D488252181B3004E17A8 /* View */ = {
			isa = PBXGroup;
			children = (
				70D8D481252180D5004E17A8 /* MySegmentedControl.swift */,
			);
			path = View;
			sourceTree = "<group>";
		};
		E56B3CBD22B4E479007DEE4C /* Foundation+Extension */ = {
			isa = PBXGroup;
			children = (
				E56B3CBE22B4E4C3007DEE4C /* Date+Extension.swift */,
			);
			path = "Foundation+Extension";
			sourceTree = "<group>";
		};
		E578FB381E51A88900306FB3 /* 旋转视图 */ = {
			isa = PBXGroup;
			children = (
				E578FB391E51A88900306FB3 /* SLAnimationImageView.h */,
				E578FB3A1E51A88900306FB3 /* SLAnimationImageView.m */,
				E578FB3B1E51A88900306FB3 /* SLLoadingView.h */,
				E578FB3C1E51A88900306FB3 /* SLLoadingView.m */,
			);
			name = "旋转视图";
			path = Classes/OC/view;
			sourceTree = "<group>";
		};
		E58746361E83C75700FAFAE8 /* Security加密解密 */ = {
			isa = PBXGroup;
			children = (
				E58746371E83C75700FAFAE8 /* NSString+Hash.h */,
				E58746381E83C75700FAFAE8 /* NSString+Hash.m */,
				E51F202E1EA617DC00B94019 /* XHCryptorTools.h */,
				E51F202F1EA617DC00B94019 /* XHCryptorTools.m */,
			);
			name = "Security加密解密";
			path = Classes/Security;
			sourceTree = "<group>";
		};
		E59453401E519246005AC10C /* OC的UI控件 */ = {
			isa = PBXGroup;
			children = (
				62AC507D1ECD885700E67C95 /* RotaionViewController.swift */,
				E578FB381E51A88900306FB3 /* 旋转视图 */,
				E59453411E5192A2005AC10C /* ZJSCommon-Bridging-Header.h */,
				E59453471E519496005AC10C /* Animation.xcassets */,
			);
			name = "OC的UI控件";
			sourceTree = "<group>";
		};
		E597BF8722B3E7470031A6D9 /* UIKit+Extension */ = {
			isa = PBXGroup;
			children = (
				70286AF2252188F10004BFE7 /* UIView.swift */,
				70D8D48A25218375004E17A8 /* UIScreen.swift */,
				E597BF8822B3E7D10031A6D9 /* UIColor+Extension.swift */,
				E597BF8A22B3F2C40031A6D9 /* UIImage+Extension.swift */,
			);
			path = "UIKit+Extension";
			sourceTree = "<group>";
		};
		E5B79E0322B3875A00E3AC96 /* httpHeader */ = {
			isa = PBXGroup;
			children = (
				E5B79E0C22B387A000E3AC96 /* HttpHeader.swift */,
				E5B79E0B22B387A000E3AC96 /* KeyChainManager.swift */,
				E5B79E0A22B387A000E3AC96 /* UIDevice+Extension.swift */,
			);
			name = httpHeader;
			path = Classes/httpHeader;
			sourceTree = "<group>";
		};
		E5B909B222B4BF920094025F /* CustomView */ = {
			isa = PBXGroup;
			children = (
				E5B909B322B4C0330094025F /* BorderLabel.swift */,
				62C86D481F0000ED0095188C /* SFSelectedAlphaButton.swift */,
				62AC50851ECD888400E67C95 /* UpImageDownTextButton.swift */,
				E540CF151F1CEF6D007F0683 /* SFFirstTextLastImageButton.swift */,
			);
			path = CustomView;
			sourceTree = "<group>";
		};
		E5E791D31E2F9BEE00D294E1 = {
			isa = PBXGroup;
			children = (
				E5E791DE1E2F9BEE00D294E1 /* ZJSCommon */,
				E5E791DD1E2F9BEE00D294E1 /* Products */,
			);
			sourceTree = "<group>";
		};
		E5E791DD1E2F9BEE00D294E1 /* Products */ = {
			isa = PBXGroup;
			children = (
				E5E791DC1E2F9BEE00D294E1 /* ZJSCommon.app */,
			);
			name = Products;
			sourceTree = "<group>";
		};
		E5E791DE1E2F9BEE00D294E1 /* ZJSCommon */ = {
			isa = PBXGroup;
			children = (
				E5B79E0322B3875A00E3AC96 /* httpHeader */,
				6248685F1EC58CA500C4536C /* Other */,
				E58746361E83C75700FAFAE8 /* Security加密解密 */,
				E5E791F11E2F9BFA00D294E1 /* UICommon */,
				E5E791DF1E2F9BEE00D294E1 /* AppDelegate.swift */,
				E5E791E11E2F9BEE00D294E1 /* ViewController.swift */,
				E5E791F81E2FA02000D294E1 /* Main.storyboard */,
				E5E791E61E2F9BEE00D294E1 /* Assets.xcassets */,
				E5E791E81E2F9BEE00D294E1 /* LaunchScreen.storyboard */,
				E5E791EB1E2F9BEE00D294E1 /* Info.plist */,
			);
			path = ZJSCommon;
			sourceTree = "<group>";
		};
		E5E791F11E2F9BFA00D294E1 /* UICommon */ = {
			isa = PBXGroup;
			children = (
				70D8D48425218169004E17A8 /* SegmentControl */,
				E56B3CBD22B4E479007DEE4C /* Foundation+Extension */,
				E5B909B222B4BF920094025F /* CustomView */,
				E597BF8722B3E7470031A6D9 /* UIKit+Extension */,
				62AC507F1ECD888400E67C95 /* UIButton */,
				E59453401E519246005AC10C /* OC的UI控件 */,
			);
			name = UICommon;
			sourceTree = "<group>";
		};
/* End PBXGroup section */

/* Begin PBXNativeTarget section */
		E5E791DB1E2F9BEE00D294E1 /* ZJSCommon */ = {
			isa = PBXNativeTarget;
			buildConfigurationList = E5E791EE1E2F9BEE00D294E1 /* Build configuration list for PBXNativeTarget "ZJSCommon" */;
			buildPhases = (
				E5E791D81E2F9BEE00D294E1 /* Sources */,
				E5E791D91E2F9BEE00D294E1 /* Frameworks */,
				E5E791DA1E2F9BEE00D294E1 /* Resources */,
			);
			buildRules = (
			);
			dependencies = (
			);
			name = ZJSCommon;
			productName = ZJSCommon;
			productReference = E5E791DC1E2F9BEE00D294E1 /* ZJSCommon.app */;
			productType = "com.apple.product-type.application";
		};
/* End PBXNativeTarget section */

/* Begin PBXProject section */
		E5E791D41E2F9BEE00D294E1 /* Project object */ = {
			isa = PBXProject;
			attributes = {
				LastSwiftUpdateCheck = 0810;
				LastUpgradeCheck = 1020;
				ORGANIZATIONNAME = ix86;
				TargetAttributes = {
					E5E791DB1E2F9BEE00D294E1 = {
						CreatedOnToolsVersion = 8.1;
						LastSwiftMigration = 0810;
						ProvisioningStyle = Automatic;
					};
				};
			};
			buildConfigurationList = E5E791D71E2F9BEE00D294E1 /* Build configuration list for PBXProject "ZJSCommon" */;
			compatibilityVersion = "Xcode 10.0";
			developmentRegion = en;
			hasScannedForEncodings = 0;
			knownRegions = (
				en,
				Base,
			);
			mainGroup = E5E791D31E2F9BEE00D294E1;
			productRefGroup = E5E791DD1E2F9BEE00D294E1 /* Products */;
			projectDirPath = "";
			projectRoot = "";
			targets = (
				E5E791DB1E2F9BEE00D294E1 /* ZJSCommon */,
			);
		};
/* End PBXProject section */

/* Begin PBXResourcesBuildPhase section */
		E5E791DA1E2F9BEE00D294E1 /* Resources */ = {
			isa = PBXResourcesBuildPhase;
			buildActionMask = 2147483647;
			files = (
				E5E791EA1E2F9BEE00D294E1 /* LaunchScreen.storyboard in Resources */,
				62AC508B1ECD888400E67C95 /* Media.xcassets in Resources */,
				E5E791E71E2F9BEE00D294E1 /* Assets.xcassets in Resources */,
				E59453481E519496005AC10C /* Animation.xcassets in Resources */,
				62AC50891ECD888400E67C95 /* backButton.xcassets in Resources */,
				E5E791FA1E2FA02000D294E1 /* Main.storyboard in Resources */,
			);
			runOnlyForDeploymentPostprocessing = 0;
		};
/* End PBXResourcesBuildPhase section */

/* Begin PBXSourcesBuildPhase section */
		E5E791D81E2F9BEE00D294E1 /* Sources */ = {
			isa = PBXSourcesBuildPhase;
			buildActionMask = 2147483647;
			files = (
				70286AF3252188F10004BFE7 /* UIView.swift in Sources */,
				62AC508F1ECD888400E67C95 /* UIButton+NavigatorBtn.swift in Sources */,
				E56B3CBF22B4E4C3007DEE4C /* Date+Extension.swift in Sources */,
				E597BF8922B3E7D10031A6D9 /* UIColor+Extension.swift in Sources */,
				70D8D482252180D5004E17A8 /* MySegmentedControl.swift in Sources */,
				E578FB3D1E51A88900306FB3 /* SLAnimationImageView.m in Sources */,
				E5E791E21E2F9BEE00D294E1 /* ViewController.swift in Sources */,
				E58746391E83C75700FAFAE8 /* NSString+Hash.m in Sources */,
				62AC508D1ECD888400E67C95 /* UpImageDownTextButton.swift in Sources */,
				624868611EC58CA500C4536C /* SFXLineConstraint.swift in Sources */,
				E597BF8B22B3F2C40031A6D9 /* UIImage+Extension.swift in Sources */,
				62AC508E1ECD888400E67C95 /* UIButton+BackBtn.swift in Sources */,
				E5B79E0E22B387A000E3AC96 /* KeyChainManager.swift in Sources */,
				E5B79E0F22B387A000E3AC96 /* HttpHeader.swift in Sources */,
				E540CF161F1CEF6D007F0683 /* SFFirstTextLastImageButton.swift in Sources */,
				62C86D491F0000ED0095188C /* SFSelectedAlphaButton.swift in Sources */,
				E5B909B422B4C0330094025F /* BorderLabel.swift in Sources */,
				70D8D486252181A1004E17A8 /* SegmentViewController.swift in Sources */,
				E5B79E0D22B387A000E3AC96 /* UIDevice+Extension.swift in Sources */,
				62AC508C1ECD888400E67C95 /* UpDownButton.swift in Sources */,
				E578FB3E1E51A88900306FB3 /* SLLoadingView.m in Sources */,
				E5E791E01E2F9BEE00D294E1 /* AppDelegate.swift in Sources */,
				E51F20301EA617DC00B94019 /* XHCryptorTools.m in Sources */,
				62AC508A1ECD888400E67C95 /* BackButtonViewController.swift in Sources */,
				62AC507E1ECD885700E67C95 /* RotaionViewController.swift in Sources */,
				70D8D48B25218375004E17A8 /* UIScreen.swift in Sources */,
			);
			runOnlyForDeploymentPostprocessing = 0;
		};
/* End PBXSourcesBuildPhase section */

/* Begin PBXVariantGroup section */
		E5E791E81E2F9BEE00D294E1 /* LaunchScreen.storyboard */ = {
			isa = PBXVariantGroup;
			children = (
				E5E791E91E2F9BEE00D294E1 /* Base */,
			);
			name = LaunchScreen.storyboard;
			sourceTree = "<group>";
		};
		E5E791F81E2FA02000D294E1 /* Main.storyboard */ = {
			isa = PBXVariantGroup;
			children = (
				E5E791F91E2FA02000D294E1 /* Base */,
			);
			name = Main.storyboard;
			sourceTree = "<group>";
		};
/* End PBXVariantGroup section */

/* Begin XCBuildConfiguration section */
		E5E791EC1E2F9BEE00D294E1 /* Debug */ = {
			isa = XCBuildConfiguration;
			buildSettings = {
				ALWAYS_SEARCH_USER_PATHS = NO;
				CLANG_ANALYZER_LOCALIZABILITY_NONLOCALIZED = YES;
				CLANG_ANALYZER_NONNULL = YES;
				CLANG_CXX_LANGUAGE_STANDARD = "gnu++0x";
				CLANG_CXX_LIBRARY = "libc++";
				CLANG_ENABLE_MODULES = YES;
				CLANG_ENABLE_OBJC_ARC = YES;
				CLANG_WARN_BLOCK_CAPTURE_AUTORELEASING = YES;
				CLANG_WARN_BOOL_CONVERSION = YES;
				CLANG_WARN_COMMA = YES;
				CLANG_WARN_CONSTANT_CONVERSION = YES;
				CLANG_WARN_DEPRECATED_OBJC_IMPLEMENTATIONS = YES;
				CLANG_WARN_DIRECT_OBJC_ISA_USAGE = YES_ERROR;
				CLANG_WARN_DOCUMENTATION_COMMENTS = YES;
				CLANG_WARN_EMPTY_BODY = YES;
				CLANG_WARN_ENUM_CONVERSION = YES;
				CLANG_WARN_INFINITE_RECURSION = YES;
				CLANG_WARN_INT_CONVERSION = YES;
				CLANG_WARN_NON_LITERAL_NULL_CONVERSION = YES;
				CLANG_WARN_OBJC_IMPLICIT_RETAIN_SELF = YES;
				CLANG_WARN_OBJC_LITERAL_CONVERSION = YES;
				CLANG_WARN_OBJC_ROOT_CLASS = YES_ERROR;
				CLANG_WARN_RANGE_LOOP_ANALYSIS = YES;
				CLANG_WARN_STRICT_PROTOTYPES = YES;
				CLANG_WARN_SUSPICIOUS_MOVE = YES;
				CLANG_WARN_SUSPICIOUS_MOVES = YES;
				CLANG_WARN_UNREACHABLE_CODE = YES;
				CLANG_WARN__DUPLICATE_METHOD_MATCH = YES;
				"CODE_SIGN_IDENTITY[sdk=iphoneos*]" = "iPhone Developer";
				COPY_PHASE_STRIP = NO;
				DEBUG_INFORMATION_FORMAT = dwarf;
				ENABLE_STRICT_OBJC_MSGSEND = YES;
				ENABLE_TESTABILITY = YES;
				GCC_C_LANGUAGE_STANDARD = gnu99;
				GCC_DYNAMIC_NO_PIC = NO;
				GCC_NO_COMMON_BLOCKS = YES;
				GCC_OPTIMIZATION_LEVEL = 0;
				GCC_PREPROCESSOR_DEFINITIONS = (
					"DEBUG=1",
					"$(inherited)",
				);
				GCC_WARN_64_TO_32_BIT_CONVERSION = YES;
				GCC_WARN_ABOUT_RETURN_TYPE = YES_ERROR;
				GCC_WARN_UNDECLARED_SELECTOR = YES;
				GCC_WARN_UNINITIALIZED_AUTOS = YES_AGGRESSIVE;
				GCC_WARN_UNUSED_FUNCTION = YES;
				GCC_WARN_UNUSED_VARIABLE = YES;
				IPHONEOS_DEPLOYMENT_TARGET = 9.0;
				MTL_ENABLE_DEBUG_INFO = YES;
				ONLY_ACTIVE_ARCH = YES;
				SDKROOT = iphoneos;
				SWIFT_ACTIVE_COMPILATION_CONDITIONS = DEBUG;
				SWIFT_OPTIMIZATION_LEVEL = "-Onone";
			};
			name = Debug;
		};
		E5E791ED1E2F9BEE00D294E1 /* Release */ = {
			isa = XCBuildConfiguration;
			buildSettings = {
				ALWAYS_SEARCH_USER_PATHS = NO;
				CLANG_ANALYZER_LOCALIZABILITY_NONLOCALIZED = YES;
				CLANG_ANALYZER_NONNULL = YES;
				CLANG_CXX_LANGUAGE_STANDARD = "gnu++0x";
				CLANG_CXX_LIBRARY = "libc++";
				CLANG_ENABLE_MODULES = YES;
				CLANG_ENABLE_OBJC_ARC = YES;
				CLANG_WARN_BLOCK_CAPTURE_AUTORELEASING = YES;
				CLANG_WARN_BOOL_CONVERSION = YES;
				CLANG_WARN_COMMA = YES;
				CLANG_WARN_CONSTANT_CONVERSION = YES;
				CLANG_WARN_DEPRECATED_OBJC_IMPLEMENTATIONS = YES;
				CLANG_WARN_DIRECT_OBJC_ISA_USAGE = YES_ERROR;
				CLANG_WARN_DOCUMENTATION_COMMENTS = YES;
				CLANG_WARN_EMPTY_BODY = YES;
				CLANG_WARN_ENUM_CONVERSION = YES;
				CLANG_WARN_INFINITE_RECURSION = YES;
				CLANG_WARN_INT_CONVERSION = YES;
				CLANG_WARN_NON_LITERAL_NULL_CONVERSION = YES;
				CLANG_WARN_OBJC_IMPLICIT_RETAIN_SELF = YES;
				CLANG_WARN_OBJC_LITERAL_CONVERSION = YES;
				CLANG_WARN_OBJC_ROOT_CLASS = YES_ERROR;
				CLANG_WARN_RANGE_LOOP_ANALYSIS = YES;
				CLANG_WARN_STRICT_PROTOTYPES = YES;
				CLANG_WARN_SUSPICIOUS_MOVE = YES;
				CLANG_WARN_SUSPICIOUS_MOVES = YES;
				CLANG_WARN_UNREACHABLE_CODE = YES;
				CLANG_WARN__DUPLICATE_METHOD_MATCH = YES;
				"CODE_SIGN_IDENTITY[sdk=iphoneos*]" = "iPhone Developer";
				COPY_PHASE_STRIP = NO;
				DEBUG_INFORMATION_FORMAT = "dwarf-with-dsym";
				ENABLE_NS_ASSERTIONS = NO;
				ENABLE_STRICT_OBJC_MSGSEND = YES;
				GCC_C_LANGUAGE_STANDARD = gnu99;
				GCC_NO_COMMON_BLOCKS = YES;
				GCC_WARN_64_TO_32_BIT_CONVERSION = YES;
				GCC_WARN_ABOUT_RETURN_TYPE = YES_ERROR;
				GCC_WARN_UNDECLARED_SELECTOR = YES;
				GCC_WARN_UNINITIALIZED_AUTOS = YES_AGGRESSIVE;
				GCC_WARN_UNUSED_FUNCTION = YES;
				GCC_WARN_UNUSED_VARIABLE = YES;
				IPHONEOS_DEPLOYMENT_TARGET = 9.0;
				MTL_ENABLE_DEBUG_INFO = NO;
				SDKROOT = iphoneos;
				SWIFT_COMPILATION_MODE = wholemodule;
				SWIFT_OPTIMIZATION_LEVEL = "-O";
				VALIDATE_PRODUCT = YES;
			};
			name = Release;
		};
		E5E791EF1E2F9BEE00D294E1 /* Debug */ = {
			isa = XCBuildConfiguration;
			buildSettings = {
				ASSETCATALOG_COMPILER_APPICON_NAME = AppIcon;
				CLANG_ENABLE_MODULES = YES;
				INFOPLIST_FILE = ZJSCommon/Info.plist;
				LD_RUNPATH_SEARCH_PATHS = (
					"$(inherited)",
					"@executable_path/Frameworks",
				);
				PRODUCT_BUNDLE_IDENTIFIER = com.sengled.ZJSCommon;
				PRODUCT_NAME = "$(TARGET_NAME)";
				SWIFT_OBJC_BRIDGING_HEADER = "ZJSCommon/ZJSCommon-Bridging-Header.h";
				SWIFT_OPTIMIZATION_LEVEL = "-Onone";
				SWIFT_VERSION = 5.0;
			};
			name = Debug;
		};
		E5E791F01E2F9BEE00D294E1 /* Release */ = {
			isa = XCBuildConfiguration;
			buildSettings = {
				ASSETCATALOG_COMPILER_APPICON_NAME = AppIcon;
				CLANG_ENABLE_MODULES = YES;
				INFOPLIST_FILE = ZJSCommon/Info.plist;
				LD_RUNPATH_SEARCH_PATHS = (
					"$(inherited)",
					"@executable_path/Frameworks",
				);
				PRODUCT_BUNDLE_IDENTIFIER = com.sengled.ZJSCommon;
				PRODUCT_NAME = "$(TARGET_NAME)";
				SWIFT_OBJC_BRIDGING_HEADER = "ZJSCommon/ZJSCommon-Bridging-Header.h";
				SWIFT_VERSION = 5.0;
			};
			name = Release;
		};
/* End XCBuildConfiguration section */

/* Begin XCConfigurationList section */
		E5E791D71E2F9BEE00D294E1 /* Build configuration list for PBXProject "ZJSCommon" */ = {
			isa = XCConfigurationList;
			buildConfigurations = (
				E5E791EC1E2F9BEE00D294E1 /* Debug */,
				E5E791ED1E2F9BEE00D294E1 /* Release */,
			);
			defaultConfigurationIsVisible = 0;
			defaultConfigurationName = Release;
		};
		E5E791EE1E2F9BEE00D294E1 /* Build configuration list for PBXNativeTarget "ZJSCommon" */ = {
			isa = XCConfigurationList;
			buildConfigurations = (
				E5E791EF1E2F9BEE00D294E1 /* Debug */,
				E5E791F01E2F9BEE00D294E1 /* Release */,
			);
			defaultConfigurationIsVisible = 0;
			defaultConfigurationName = Release;
		};
/* End XCConfigurationList section */
	};
	rootObject = E5E791D41E2F9BEE00D294E1 /* Project object */;
}
